// !$*UTF8*$!
{
	archiveVersion = 1;
	classes = {
	};
	objectVersion = 55;
	objects = {

/* Begin PBXBuildFile section */
		CA33D91C287A120300EF9261 /* AppDelegate.swift in Sources */ = {isa = PBXBuildFile; fileRef = CA33D91B287A120300EF9261 /* AppDelegate.swift */; };
		CA33D91E287A120300EF9261 /* SceneDelegate.swift in Sources */ = {isa = PBXBuildFile; fileRef = CA33D91D287A120300EF9261 /* SceneDelegate.swift */; };
		CA33D920287A120300EF9261 /* ViewController.swift in Sources */ = {isa = PBXBuildFile; fileRef = CA33D91F287A120300EF9261 /* ViewController.swift */; };
		CA33D923287A120300EF9261 /* Main.storyboard in Resources */ = {isa = PBXBuildFile; fileRef = CA33D921287A120300EF9261 /* Main.storyboard */; };
		CA33D925287A120400EF9261 /* Assets.xcassets in Resources */ = {isa = PBXBuildFile; fileRef = CA33D924287A120400EF9261 /* Assets.xcassets */; };
		CA33D928287A120400EF9261 /* LaunchScreen.storyboard in Resources */ = {isa = PBXBuildFile; fileRef = CA33D926287A120400EF9261 /* LaunchScreen.storyboard */; };
		CA33D933287A120400EF9261 /* ReverseWordsTests.swift in Sources */ = {isa = PBXBuildFile; fileRef = CA33D932287A120400EF9261 /* ReverseWordsTests.swift */; };
		CA33D93D287A120400EF9261 /* ReverseWordsUITests.swift in Sources */ = {isa = PBXBuildFile; fileRef = CA33D93C287A120400EF9261 /* ReverseWordsUITests.swift */; };
		CA33D93F287A120400EF9261 /* ReverseWordsUITestsLaunchTests.swift in Sources */ = {isa = PBXBuildFile; fileRef = CA33D93E287A120400EF9261 /* ReverseWordsUITestsLaunchTests.swift */; };
/* End PBXBuildFile section */

/* Begin PBXContainerItemProxy section */
		CA33D92F287A120400EF9261 /* PBXContainerItemProxy */ = {
			isa = PBXContainerItemProxy;
			containerPortal = CA33D910287A120300EF9261 /* Project object */;
			proxyType = 1;
			remoteGlobalIDString = CA33D917287A120300EF9261;
			remoteInfo = ReverseWords;
		};
		CA33D939287A120400EF9261 /* PBXContainerItemProxy */ = {
			isa = PBXContainerItemProxy;
			containerPortal = CA33D910287A120300EF9261 /* Project object */;
			proxyType = 1;
			remoteGlobalIDString = CA33D917287A120300EF9261;
			remoteInfo = ReverseWords;
		};
/* End PBXContainerItemProxy section */

/* Begin PBXFileReference section */
		CA33D918287A120300EF9261 /* ReverseWords.app */ = {isa = PBXFileReference; explicitFileType = wrapper.application; includeInIndex = 0; path = ReverseWords.app; sourceTree = BUILT_PRODUCTS_DIR; };
		CA33D91B287A120300EF9261 /* AppDelegate.swift */ = {isa = PBXFileReference; lastKnownFileType = sourcecode.swift; path = AppDelegate.swift; sourceTree = "<group>"; };
		CA33D91D287A120300EF9261 /* SceneDelegate.swift */ = {isa = PBXFileReference; lastKnownFileType = sourcecode.swift; path = SceneDelegate.swift; sourceTree = "<group>"; };
		CA33D91F287A120300EF9261 /* ViewController.swift */ = {isa = PBXFileReference; lastKnownFileType = sourcecode.swift; path = ViewController.swift; sourceTree = "<group>"; };
		CA33D922287A120300EF9261 /* Base */ = {isa = PBXFileReference; lastKnownFileType = file.storyboard; name = Base; path = Base.lproj/Main.storyboard; sourceTree = "<group>"; };
		CA33D924287A120400EF9261 /* Assets.xcassets */ = {isa = PBXFileReference; lastKnownFileType = folder.assetcatalog; path = Assets.xcassets; sourceTree = "<group>"; };
		CA33D927287A120400EF9261 /* Base */ = {isa = PBXFileReference; lastKnownFileType = file.storyboard; name = Base; path = Base.lproj/LaunchScreen.storyboard; sourceTree = "<group>"; };
		CA33D929287A120400EF9261 /* Info.plist */ = {isa = PBXFileReference; lastKnownFileType = text.plist.xml; path = Info.plist; sourceTree = "<group>"; };
		CA33D92E287A120400EF9261 /* ReverseWordsTests.xctest */ = {isa = PBXFileReference; explicitFileType = wrapper.cfbundle; includeInIndex = 0; path = ReverseWordsTests.xctest; sourceTree = BUILT_PRODUCTS_DIR; };
		CA33D932287A120400EF9261 /* ReverseWordsTests.swift */ = {isa = PBXFileReference; lastKnownFileType = sourcecode.swift; path = ReverseWordsTests.swift; sourceTree = "<group>"; };
		CA33D938287A120400EF9261 /* ReverseWordsUITests.xctest */ = {isa = PBXFileReference; explicitFileType = wrapper.cfbundle; includeInIndex = 0; path = ReverseWordsUITests.xctest; sourceTree = BUILT_PRODUCTS_DIR; };
		CA33D93C287A120400EF9261 /* ReverseWordsUITests.swift */ = {isa = PBXFileReference; lastKnownFileType = sourcecode.swift; path = ReverseWordsUITests.swift; sourceTree = "<group>"; };
		CA33D93E287A120400EF9261 /* ReverseWordsUITestsLaunchTests.swift */ = {isa = PBXFileReference; lastKnownFileType = sourcecode.swift; path = ReverseWordsUITestsLaunchTests.swift; sourceTree = "<group>"; };
/* End PBXFileReference section */

/* Begin PBXFrameworksBuildPhase section */
		CA33D915287A120300EF9261 /* Frameworks */ = {
			isa = PBXFrameworksBuildPhase;
			buildActionMask = 2147483647;
			files = (
			);
			runOnlyForDeploymentPostprocessing = 0;
		};
		CA33D92B287A120400EF9261 /* Frameworks */ = {
			isa = PBXFrameworksBuildPhase;
			buildActionMask = 2147483647;
			files = (
			);
			runOnlyForDeploymentPostprocessing = 0;
		};
		CA33D935287A120400EF9261 /* Frameworks */ = {
			isa = PBXFrameworksBuildPhase;
			buildActionMask = 2147483647;
			files = (
			);
			runOnlyForDeploymentPostprocessing = 0;
		};
/* End PBXFrameworksBuildPhase section */

/* Begin PBXGroup section */
		CA33D90F287A120300EF9261 = {
			isa = PBXGroup;
			children = (
				CA33D91A287A120300EF9261 /* ReverseWords */,
				CA33D931287A120400EF9261 /* ReverseWordsTests */,
				CA33D93B287A120400EF9261 /* ReverseWordsUITests */,
				CA33D919287A120300EF9261 /* Products */,
			);
			sourceTree = "<group>";
		};
		CA33D919287A120300EF9261 /* Products */ = {
			isa = PBXGroup;
			children = (
				CA33D918287A120300EF9261 /* ReverseWords.app */,
				CA33D92E287A120400EF9261 /* ReverseWordsTests.xctest */,
				CA33D938287A120400EF9261 /* ReverseWordsUITests.xctest */,
			);
			name = Products;
			sourceTree = "<group>";
		};
		CA33D91A287A120300EF9261 /* ReverseWords */ = {
			isa = PBXGroup;
			children = (
				CA33D91B287A120300EF9261 /* AppDelegate.swift */,
				CA33D91D287A120300EF9261 /* SceneDelegate.swift */,
				CA33D91F287A120300EF9261 /* ViewController.swift */,
				CA33D921287A120300EF9261 /* Main.storyboard */,
				CA33D924287A120400EF9261 /* Assets.xcassets */,
				CA33D926287A120400EF9261 /* LaunchScreen.storyboard */,
				CA33D929287A120400EF9261 /* Info.plist */,
			);
			path = ReverseWords;
			sourceTree = "<group>";
		};
		CA33D931287A120400EF9261 /* ReverseWordsTests */ = {
			isa = PBXGroup;
			children = (
				CA33D932287A120400EF9261 /* ReverseWordsTests.swift */,
			);
			path = ReverseWordsTests;
			sourceTree = "<group>";
		};
		CA33D93B287A120400EF9261 /* ReverseWordsUITests */ = {
			isa = PBXGroup;
			children = (
				CA33D93C287A120400EF9261 /* ReverseWordsUITests.swift */,
				CA33D93E287A120400EF9261 /* ReverseWordsUITestsLaunchTests.swift */,
			);
			path = ReverseWordsUITests;
			sourceTree = "<group>";
		};
/* End PBXGroup section */

/* Begin PBXNativeTarget section */
		CA33D917287A120300EF9261 /* ReverseWords */ = {
			isa = PBXNativeTarget;
			buildConfigurationList = CA33D942287A120400EF9261 /* Build configuration list for PBXNativeTarget "ReverseWords" */;
			buildPhases = (
				CA33D914287A120300EF9261 /* Sources */,
				CA33D915287A120300EF9261 /* Frameworks */,
				CA33D916287A120300EF9261 /* Resources */,
			);
			buildRules = (
			);
			dependencies = (
			);
			name = ReverseWords;
			productName = ReverseWords;
			productReference = CA33D918287A120300EF9261 /* ReverseWords.app */;
			productType = "com.apple.product-type.application";
		};
		CA33D92D287A120400EF9261 /* ReverseWordsTests */ = {
			isa = PBXNativeTarget;
			buildConfigurationList = CA33D945287A120400EF9261 /* Build configuration list for PBXNativeTarget "ReverseWordsTests" */;
			buildPhases = (
				CA33D92A287A120400EF9261 /* Sources */,
				CA33D92B287A120400EF9261 /* Frameworks */,
				CA33D92C287A120400EF9261 /* Resources */,
			);
			buildRules = (
			);
			dependencies = (
				CA33D930287A120400EF9261 /* PBXTargetDependency */,
			);
			name = ReverseWordsTests;
			productName = ReverseWordsTests;
			productReference = CA33D92E287A120400EF9261 /* ReverseWordsTests.xctest */;
			productType = "com.apple.product-type.bundle.unit-test";
		};
		CA33D937287A120400EF9261 /* ReverseWordsUITests */ = {
			isa = PBXNativeTarget;
			buildConfigurationList = CA33D948287A120400EF9261 /* Build configuration list for PBXNativeTarget "ReverseWordsUITests" */;
			buildPhases = (
				CA33D934287A120400EF9261 /* Sources */,
				CA33D935287A120400EF9261 /* Frameworks */,
				CA33D936287A120400EF9261 /* Resources */,
			);
			buildRules = (
			);
			dependencies = (
				CA33D93A287A120400EF9261 /* PBXTargetDependency */,
			);
			name = ReverseWordsUITests;
			productName = ReverseWordsUITests;
			productReference = CA33D938287A120400EF9261 /* ReverseWordsUITests.xctest */;
			productType = "com.apple.product-type.bundle.ui-testing";
		};
/* End PBXNativeTarget section */

/* Begin PBXProject section */
		CA33D910287A120300EF9261 /* Project object */ = {
			isa = PBXProject;
			attributes = {
				BuildIndependentTargetsInParallel = 1;
				LastSwiftUpdateCheck = 1340;
				LastUpgradeCheck = 1340;
				TargetAttributes = {
					CA33D917287A120300EF9261 = {
						CreatedOnToolsVersion = 13.4.1;
					};
					CA33D92D287A120400EF9261 = {
						CreatedOnToolsVersion = 13.4.1;
						TestTargetID = CA33D917287A120300EF9261;
					};
					CA33D937287A120400EF9261 = {
						CreatedOnToolsVersion = 13.4.1;
						TestTargetID = CA33D917287A120300EF9261;
					};
				};
			};
			buildConfigurationList = CA33D913287A120300EF9261 /* Build configuration list for PBXProject "ReverseWords" */;
			compatibilityVersion = "Xcode 13.0";
			developmentRegion = en;
			hasScannedForEncodings = 0;
			knownRegions = (
				en,
				Base,
			);
			mainGroup = CA33D90F287A120300EF9261;
			productRefGroup = CA33D919287A120300EF9261 /* Products */;
			projectDirPath = "";
			projectRoot = "";
			targets = (
				CA33D917287A120300EF9261 /* ReverseWords */,
				CA33D92D287A120400EF9261 /* ReverseWordsTests */,
				CA33D937287A120400EF9261 /* ReverseWordsUITests */,
			);
		};
/* End PBXProject section */

/* Begin PBXResourcesBuildPhase section */
		CA33D916287A120300EF9261 /* Resources */ = {
			isa = PBXResourcesBuildPhase;
			buildActionMask = 2147483647;
			files = (
				CA33D928287A120400EF9261 /* LaunchScreen.storyboard in Resources */,
				CA33D925287A120400EF9261 /* Assets.xcassets in Resources */,
				CA33D923287A120300EF9261 /* Main.storyboard in Resources */,
			);
			runOnlyForDeploymentPostprocessing = 0;
		};
		CA33D92C287A120400EF9261 /* Resources */ = {
			isa = PBXResourcesBuildPhase;
			buildActionMask = 2147483647;
			files = (
			);
			runOnlyForDeploymentPostprocessing = 0;
		};
		CA33D936287A120400EF9261 /* Resources */ = {
			isa = PBXResourcesBuildPhase;
			buildActionMask = 2147483647;
			files = (
			);
			runOnlyForDeploymentPostprocessing = 0;
		};
/* End PBXResourcesBuildPhase section */

/* Begin PBXSourcesBuildPhase section */
		CA33D914287A120300EF9261 /* Sources */ = {
			isa = PBXSourcesBuildPhase;
			buildActionMask = 2147483647;
			files = (
				CA33D920287A120300EF9261 /* ViewController.swift in Sources */,
				CA33D91C287A120300EF9261 /* AppDelegate.swift in Sources */,
				CA33D91E287A120300EF9261 /* SceneDelegate.swift in Sources */,
			);
			runOnlyForDeploymentPostprocessing = 0;
		};
		CA33D92A287A120400EF9261 /* Sources */ = {
			isa = PBXSourcesBuildPhase;
			buildActionMask = 2147483647;
			files = (
				CA33D933287A120400EF9261 /* ReverseWordsTests.swift in Sources */,
			);
			runOnlyForDeploymentPostprocessing = 0;
		};
		CA33D934287A120400EF9261 /* Sources */ = {
			isa = PBXSourcesBuildPhase;
			buildActionMask = 2147483647;
			files = (
				CA33D93D287A120400EF9261 /* ReverseWordsUITests.swift in Sources */,
				CA33D93F287A120400EF9261 /* ReverseWordsUITestsLaunchTests.swift in Sources */,
			);
			runOnlyForDeploymentPostprocessing = 0;
		};
/* End PBXSourcesBuildPhase section */

/* Begin PBXTargetDependency section */
		CA33D930287A120400EF9261 /* PBXTargetDependency */ = {
			isa = PBXTargetDependency;
			target = CA33D917287A120300EF9261 /* ReverseWords */;
			targetProxy = CA33D92F287A120400EF9261 /* PBXContainerItemProxy */;
		};
		CA33D93A287A120400EF9261 /* PBXTargetDependency */ = {
			isa = PBXTargetDependency;
			target = CA33D917287A120300EF9261 /* ReverseWords */;
			targetProxy = CA33D939287A120400EF9261 /* PBXContainerItemProxy */;
		};
/* End PBXTargetDependency section */

/* Begin PBXVariantGroup section */
		CA33D921287A120300EF9261 /* Main.storyboard */ = {
			isa = PBXVariantGroup;
			children = (
				CA33D922287A120300EF9261 /* Base */,
			);
			name = Main.storyboard;
			sourceTree = "<group>";
		};
		CA33D926287A120400EF9261 /* LaunchScreen.storyboard */ = {
			isa = PBXVariantGroup;
			children = (
				CA33D927287A120400EF9261 /* Base */,
			);
			name = LaunchScreen.storyboard;
			sourceTree = "<group>";
		};
/* End PBXVariantGroup section */

/* Begin XCBuildConfiguration section */
		CA33D940287A120400EF9261 /* Debug */ = {
			isa = XCBuildConfiguration;
			buildSettings = {
				ALWAYS_SEARCH_USER_PATHS = NO;
				CLANG_ANALYZER_NONNULL = YES;
				CLANG_ANALYZER_NUMBER_OBJECT_CONVERSION = YES_AGGRESSIVE;
				CLANG_CXX_LANGUAGE_STANDARD = "gnu++17";
				CLANG_ENABLE_MODULES = YES;
				CLANG_ENABLE_OBJC_ARC = YES;
				CLANG_ENABLE_OBJC_WEAK = YES;
				CLANG_WARN_BLOCK_CAPTURE_AUTORELEASING = YES;
				CLANG_WARN_BOOL_CONVERSION = YES;
				CLANG_WARN_COMMA = YES;
				CLANG_WARN_CONSTANT_CONVERSION = YES;
				CLANG_WARN_DEPRECATED_OBJC_IMPLEMENTATIONS = YES;
				CLANG_WARN_DIRECT_OBJC_ISA_USAGE = YES_ERROR;
				CLANG_WARN_DOCUMENTATION_COMMENTS = YES;
				CLANG_WARN_EMPTY_BODY = YES;
				CLANG_WARN_ENUM_CONVERSION = YES;
				CLANG_WARN_INFINITE_RECURSION = YES;
				CLANG_WARN_INT_CONVERSION = YES;
				CLANG_WARN_NON_LITERAL_NULL_CONVERSION = YES;
				CLANG_WARN_OBJC_IMPLICIT_RETAIN_SELF = YES;
				CLANG_WARN_OBJC_LITERAL_CONVERSION = YES;
				CLANG_WARN_OBJC_ROOT_CLASS = YES_ERROR;
				CLANG_WARN_QUOTED_INCLUDE_IN_FRAMEWORK_HEADER = YES;
				CLANG_WARN_RANGE_LOOP_ANALYSIS = YES;
				CLANG_WARN_STRICT_PROTOTYPES = YES;
				CLANG_WARN_SUSPICIOUS_MOVE = YES;
				CLANG_WARN_UNGUARDED_AVAILABILITY = YES_AGGRESSIVE;
				CLANG_WARN_UNREACHABLE_CODE = YES;
				CLANG_WARN__DUPLICATE_METHOD_MATCH = YES;
				COPY_PHASE_STRIP = NO;
				DEBUG_INFORMATION_FORMAT = dwarf;
				ENABLE_STRICT_OBJC_MSGSEND = YES;
				ENABLE_TESTABILITY = YES;
				GCC_C_LANGUAGE_STANDARD = gnu11;
				GCC_DYNAMIC_NO_PIC = NO;
				GCC_NO_COMMON_BLOCKS = YES;
				GCC_OPTIMIZATION_LEVEL = 0;
				GCC_PREPROCESSOR_DEFINITIONS = (
					"DEBUG=1",
					"$(inherited)",
				);
				GCC_WARN_64_TO_32_BIT_CONVERSION = YES;
				GCC_WARN_ABOUT_RETURN_TYPE = YES_ERROR;
				GCC_WARN_UNDECLARED_SELECTOR = YES;
				GCC_WARN_UNINITIALIZED_AUTOS = YES_AGGRESSIVE;
				GCC_WARN_UNUSED_FUNCTION = YES;
				GCC_WARN_UNUSED_VARIABLE = YES;
				IPHONEOS_DEPLOYMENT_TARGET = 15.5;
				MTL_ENABLE_DEBUG_INFO = INCLUDE_SOURCE;
				MTL_FAST_MATH = YES;
				ONLY_ACTIVE_ARCH = YES;
				SDKROOT = iphoneos;
				SWIFT_ACTIVE_COMPILATION_CONDITIONS = DEBUG;
				SWIFT_OPTIMIZATION_LEVEL = "-Onone";
			};
			name = Debug;
		};
		CA33D941287A120400EF9261 /* Release */ = {
			isa = XCBuildConfiguration;
			buildSettings = {
				ALWAYS_SEARCH_USER_PATHS = NO;
				CLANG_ANALYZER_NONNULL = YES;
				CLANG_ANALYZER_NUMBER_OBJECT_CONVERSION = YES_AGGRESSIVE;
				CLANG_CXX_LANGUAGE_STANDARD = "gnu++17";
				CLANG_ENABLE_MODULES = YES;
				CLANG_ENABLE_OBJC_ARC = YES;
				CLANG_ENABLE_OBJC_WEAK = YES;
				CLANG_WARN_BLOCK_CAPTURE_AUTORELEASING = YES;
				CLANG_WARN_BOOL_CONVERSION = YES;
				CLANG_WARN_COMMA = YES;
				CLANG_WARN_CONSTANT_CONVERSION = YES;
				CLANG_WARN_DEPRECATED_OBJC_IMPLEMENTATIONS = YES;
				CLANG_WARN_DIRECT_OBJC_ISA_USAGE = YES_ERROR;
				CLANG_WARN_DOCUMENTATION_COMMENTS = YES;
				CLANG_WARN_EMPTY_BODY = YES;
				CLANG_WARN_ENUM_CONVERSION = YES;
				CLANG_WARN_INFINITE_RECURSION = YES;
				CLANG_WARN_INT_CONVERSION = YES;
				CLANG_WARN_NON_LITERAL_NULL_CONVERSION = YES;
				CLANG_WARN_OBJC_IMPLICIT_RETAIN_SELF = YES;
				CLANG_WARN_OBJC_LITERAL_CONVERSION = YES;
				CLANG_WARN_OBJC_ROOT_CLASS = YES_ERROR;
				CLANG_WARN_QUOTED_INCLUDE_IN_FRAMEWORK_HEADER = YES;
				CLANG_WARN_RANGE_LOOP_ANALYSIS = YES;
				CLANG_WARN_STRICT_PROTOTYPES = YES;
				CLANG_WARN_SUSPICIOUS_MOVE = YES;
				CLANG_WARN_UNGUARDED_AVAILABILITY = YES_AGGRESSIVE;
				CLANG_WARN_UNREACHABLE_CODE = YES;
				CLANG_WARN__DUPLICATE_METHOD_MATCH = YES;
				COPY_PHASE_STRIP = NO;
				DEBUG_INFORMATION_FORMAT = "dwarf-with-dsym";
				ENABLE_NS_ASSERTIONS = NO;
				ENABLE_STRICT_OBJC_MSGSEND = YES;
				GCC_C_LANGUAGE_STANDARD = gnu11;
				GCC_NO_COMMON_BLOCKS = YES;
				GCC_WARN_64_TO_32_BIT_CONVERSION = YES;
				GCC_WARN_ABOUT_RETURN_TYPE = YES_ERROR;
				GCC_WARN_UNDECLARED_SELECTOR = YES;
				GCC_WARN_UNINITIALIZED_AUTOS = YES_AGGRESSIVE;
				GCC_WARN_UNUSED_FUNCTION = YES;
				GCC_WARN_UNUSED_VARIABLE = YES;
				IPHONEOS_DEPLOYMENT_TARGET = 15.5;
				MTL_ENABLE_DEBUG_INFO = NO;
				MTL_FAST_MATH = YES;
				SDKROOT = iphoneos;
				SWIFT_COMPILATION_MODE = wholemodule;
				SWIFT_OPTIMIZATION_LEVEL = "-O";
				VALIDATE_PRODUCT = YES;
			};
			name = Release;
		};
		CA33D943287A120400EF9261 /* Debug */ = {
			isa = XCBuildConfiguration;
			buildSettings = {
				ASSETCATALOG_COMPILER_APPICON_NAME = AppIcon;
				ASSETCATALOG_COMPILER_GLOBAL_ACCENT_COLOR_NAME = AccentColor;
				CODE_SIGN_STYLE = Automatic;
				CURRENT_PROJECT_VERSION = 1;
				DEVELOPMENT_TEAM = JJF74M9Z2N;
				GENERATE_INFOPLIST_FILE = YES;
				INFOPLIST_FILE = ReverseWords/Info.plist;
				INFOPLIST_KEY_UIApplicationSupportsIndirectInputEvents = YES;
				INFOPLIST_KEY_UILaunchStoryboardName = LaunchScreen;
				INFOPLIST_KEY_UIMainStoryboardFile = Main;
				INFOPLIST_KEY_UISupportedInterfaceOrientations_iPad = "UIInterfaceOrientationPortrait UIInterfaceOrientationPortraitUpsideDown UIInterfaceOrientationLandscapeLeft UIInterfaceOrientationLandscapeRight";
				INFOPLIST_KEY_UISupportedInterfaceOrientations_iPhone = "UIInterfaceOrientationPortrait UIInterfaceOrientationLandscapeLeft UIInterfaceOrientationLandscapeRight";
				LD_RUNPATH_SEARCH_PATHS = (
					"$(inherited)",
					"@executable_path/Frameworks",
				);
				MARKETING_VERSION = 1.0;
				PRODUCT_BUNDLE_IDENTIFIER = kossios.com.pl.ReverseWords;
				PRODUCT_NAME = "$(TARGET_NAME)";
				SWIFT_EMIT_LOC_STRINGS = YES;
				SWIFT_VERSION = 5.0;
				TARGETED_DEVICE_FAMILY = "1,2";
			};
			name = Debug;
		};
		CA33D944287A120400EF9261 /* Release */ = {
			isa = XCBuildConfiguration;
			buildSettings = {
				ASSETCATALOG_COMPILER_APPICON_NAME = AppIcon;
				ASSETCATALOG_COMPILER_GLOBAL_ACCENT_COLOR_NAME = AccentColor;
				CODE_SIGN_STYLE = Automatic;
				CURRENT_PROJECT_VERSION = 1;
				DEVELOPMENT_TEAM = JJF74M9Z2N;
				GENERATE_INFOPLIST_FILE = YES;
				INFOPLIST_FILE = ReverseWords/Info.plist;
				INFOPLIST_KEY_UIApplicationSupportsIndirectInputEvents = YES;
				INFOPLIST_KEY_UILaunchStoryboardName = LaunchScreen;
				INFOPLIST_KEY_UIMainStoryboardFile = Main;
				INFOPLIST_KEY_UISupportedInterfaceOrientations_iPad = "UIInterfaceOrientationPortrait UIInterfaceOrientationPortraitUpsideDown UIInterfaceOrientationLandscapeLeft UIInterfaceOrientationLandscapeRight";
				INFOPLIST_KEY_UISupportedInterfaceOrientations_iPhone = "UIInterfaceOrientationPortrait UIInterfaceOrientationLandscapeLeft UIInterfaceOrientationLandscapeRight";
				LD_RUNPATH_SEARCH_PATHS = (
					"$(inherited)",
					"@executable_path/Frameworks",
				);
				MARKETING_VERSION = 1.0;
				PRODUCT_BUNDLE_IDENTIFIER = kossios.com.pl.ReverseWords;
				PRODUCT_NAME = "$(TARGET_NAME)";
				SWIFT_EMIT_LOC_STRINGS = YES;
				SWIFT_VERSION = 5.0;
				TARGETED_DEVICE_FAMILY = "1,2";
			};
			name = Release;
		};
		CA33D946287A120400EF9261 /* Debug */ = {
			isa = XCBuildConfiguration;
			buildSettings = {
				ALWAYS_EMBED_SWIFT_STANDARD_LIBRARIES = YES;
				BUNDLE_LOADER = "$(TEST_HOST)";
				CODE_SIGN_STYLE = Automatic;
				CURRENT_PROJECT_VERSION = 1;
				DEVELOPMENT_TEAM = JJF74M9Z2N;
				GENERATE_INFOPLIST_FILE = YES;
				IPHONEOS_DEPLOYMENT_TARGET = 15.5;
				MARKETING_VERSION = 1.0;
				PRODUCT_BUNDLE_IDENTIFIER = kossios.com.pl.ReverseWordsTests;
				PRODUCT_NAME = "$(TARGET_NAME)";
				SWIFT_EMIT_LOC_STRINGS = NO;
				SWIFT_VERSION = 5.0;
				TARGETED_DEVICE_FAMILY = "1,2";
				TEST_HOST = "$(BUILT_PRODUCTS_DIR)/ReverseWords.app/ReverseWords";
			};
			name = Debug;
		};
		CA33D947287A120400EF9261 /* Release */ = {
			isa = XCBuildConfiguration;
			buildSettings = {
				ALWAYS_EMBED_SWIFT_STANDARD_LIBRARIES = YES;
				BUNDLE_LOADER = "$(TEST_HOST)";
				CODE_SIGN_STYLE = Automatic;
				CURRENT_PROJECT_VERSION = 1;
				DEVELOPMENT_TEAM = JJF74M9Z2N;
				GENERATE_INFOPLIST_FILE = YES;
				IPHONEOS_DEPLOYMENT_TARGET = 15.5;
				MARKETING_VERSION = 1.0;
				PRODUCT_BUNDLE_IDENTIFIER = kossios.com.pl.ReverseWordsTests;
				PRODUCT_NAME = "$(TARGET_NAME)";
				SWIFT_EMIT_LOC_STRINGS = NO;
				SWIFT_VERSION = 5.0;
				TARGETED_DEVICE_FAMILY = "1,2";
				TEST_HOST = "$(BUILT_PRODUCTS_DIR)/ReverseWords.app/ReverseWords";
			};
			name = Release;
		};
		CA33D949287A120400EF9261 /* Debug */ = {
			isa = XCBuildConfiguration;
			buildSettings = {
				ALWAYS_EMBED_SWIFT_STANDARD_LIBRARIES = YES;
				CODE_SIGN_STYLE = Automatic;
				CURRENT_PROJECT_VERSION = 1;
				DEVELOPMENT_TEAM = JJF74M9Z2N;
				GENERATE_INFOPLIST_FILE = YES;
				MARKETING_VERSION = 1.0;
				PRODUCT_BUNDLE_IDENTIFIER = kossios.com.pl.ReverseWordsUITests;
				PRODUCT_NAME = "$(TARGET_NAME)";
				SWIFT_EMIT_LOC_STRINGS = NO;
				SWIFT_VERSION = 5.0;
				TARGETED_DEVICE_FAMILY = "1,2";
				TEST_TARGET_NAME = ReverseWords;
			};
			name = Debug;
		};
		CA33D94A287A120400EF9261 /* Release */ = {
			isa = XCBuildConfiguration;
			buildSettings = {
				ALWAYS_EMBED_SWIFT_STANDARD_LIBRARIES = YES;
				CODE_SIGN_STYLE = Automatic;
				CURRENT_PROJECT_VERSION = 1;
				DEVELOPMENT_TEAM = JJF74M9Z2N;
				GENERATE_INFOPLIST_FILE = YES;
				MARKETING_VERSION = 1.0;
				PRODUCT_BUNDLE_IDENTIFIER = kossios.com.pl.ReverseWordsUITests;
				PRODUCT_NAME = "$(TARGET_NAME)";
				SWIFT_EMIT_LOC_STRINGS = NO;
				SWIFT_VERSION = 5.0;
				TARGETED_DEVICE_FAMILY = "1,2";
				TEST_TARGET_NAME = ReverseWords;
			};
			name = Release;
		};
/* End XCBuildConfiguration section */

/* Begin XCConfigurationList section */
		CA33D913287A120300EF9261 /* Build configuration list for PBXProject "ReverseWords" */ = {
			isa = XCConfigurationList;
			buildConfigurations = (
				CA33D940287A120400EF9261 /* Debug */,
				CA33D941287A120400EF9261 /* Release */,
			);
			defaultConfigurationIsVisible = 0;
			defaultConfigurationName = Release;
		};
		CA33D942287A120400EF9261 /* Build configuration list for PBXNativeTarget "ReverseWords" */ = {
			isa = XCConfigurationList;
			buildConfigurations = (
				CA33D943287A120400EF9261 /* Debug */,
				CA33D944287A120400EF9261 /* Release */,
			);
			defaultConfigurationIsVisible = 0;
			defaultConfigurationName = Release;
		};
		CA33D945287A120400EF9261 /* Build configuration list for PBXNativeTarget "ReverseWordsTests" */ = {
			isa = XCConfigurationList;
			buildConfigurations = (
				CA33D946287A120400EF9261 /* Debug */,
				CA33D947287A120400EF9261 /* Release */,
			);
			defaultConfigurationIsVisible = 0;
			defaultConfigurationName = Release;
		};
		CA33D948287A120400EF9261 /* Build configuration list for PBXNativeTarget "ReverseWordsUITests" */ = {
			isa = XCConfigurationList;
			buildConfigurations = (
				CA33D949287A120400EF9261 /* Debug */,
				CA33D94A287A120400EF9261 /* Release */,
			);
			defaultConfigurationIsVisible = 0;
			defaultConfigurationName = Release;
		};
/* End XCConfigurationList section */
	};
	rootObject = CA33D910287A120300EF9261 /* Project object */;
}
